
Microsoft Visual Studio Solution File, Format Version 12.00
# Visual Studio Version 16
VisualStudioVersion = 16.0.29230.47
MinimumVisualStudioVersion = 10.0.40219.1
Project("{FAE04EC0-301F-11D3-BF4B-00C04F79EFBC}") = "C4E", "C4E\C4E.csproj", "{A37964A5-647E-4CEB-9A75-F263B22E83B7}"
EndProject
Global
	GlobalSection(SolutionConfigurationPlatforms) = preSolution
		Debug|Any CPU = Debug|Any CPU
		Release|Any CPU = Release|Any CPU
	EndGlobalSection
	GlobalSection(ProjectConfigurationPlatforms) = postSolution
		{A37964A5-647E-4CEB-9A75-F263B22E83B7}.Debug|Any CPU.ActiveCfg = Debug|Any CPU
		{A37964A5-647E-4CEB-9A75-F263B22E83B7}.Debug|Any CPU.Build.0 = Debug|Any CPU
		{A37964A5-647E-4CEB-9A75-F263B22E83B7}.Release|Any CPU.ActiveCfg = Release|Any CPU
		{A37964A5-647E-4CEB-9A75-F263B22E83B7}.Release|Any CPU.Build.0 = Release|Any CPU
	EndGlobalSection
	GlobalSection(SolutionProperties) = preSolution
		HideSolutionNode = FALSE
	EndGlobalSection
	GlobalSection(ExtensibilityGlobals) = postSolution
		SolutionGuid = {0C5D986C-D360-4A92-8E9E-A5A356B2845B}
	EndGlobalSection
EndGlobal
